
Microsoft Visual Studio Solution File, Format Version 12.00
# Visual Studio Version 16
VisualStudioVersion = 16.0.31624.102
MinimumVisualStudioVersion = 10.0.40219.1
Project("{FAE04EC0-301F-11D3-BF4B-00C04F79EFBC}") = "ScreenSaver", "ScreenSaver\ScreenSaver.csproj", "{1FBBDA8E-2265-463A-B3AA-C480F705648A}"
EndProject
Global
	GlobalSection(SolutionConfigurationPlatforms) = preSolution
		Debug|Any CPU = Debug|Any CPU
		Release|Any CPU = Release|Any CPU
	EndGlobalSection
	GlobalSection(ProjectConfigurationPlatforms) = postSolution
		{1FBBDA8E-2265-463A-B3AA-C480F705648A}.Debug|Any CPU.ActiveCfg = Debug|Any CPU
		{1FBBDA8E-2265-463A-B3AA-C480F705648A}.Debug|Any CPU.Build.0 = Debug|Any CPU
		{1FBBDA8E-2265-463A-B3AA-C480F705648A}.Release|Any CPU.ActiveCfg = Release|Any CPU
		{1FBBDA8E-2265-463A-B3AA-C480F705648A}.Release|Any CPU.Build.0 = Release|Any CPU
	EndGlobalSection
	GlobalSection(SolutionProperties) = preSolution
		HideSolutionNode = FALSE
	EndGlobalSection
	GlobalSection(ExtensibilityGlobals) = postSolution
		SolutionGuid = {5A03A415-C213-4678-8D16-003250ED75E4}
	EndGlobalSection
EndGlobal
